
Microsoft Visual Studio Solution File, Format Version 12.00
# Visual Studio Version 16
VisualStudioVersion = 16.0.32002.261
MinimumVisualStudioVersion = 10.0.40219.1
Project("{FAE04EC0-301F-11D3-BF4B-00C04F79EFBC}") = "YnamarServer", "YnamarServer.csproj", "{78CB11B7-F0F1-43F2-BEB8-5D9A92C0DF4F}"
EndProject
Global
	GlobalSection(SolutionConfigurationPlatforms) = preSolution
		Debug|Any CPU = Debug|Any CPU
		Release|Any CPU = Release|Any CPU
	EndGlobalSection
	GlobalSection(ProjectConfigurationPlatforms) = postSolution
		{78CB11B7-F0F1-43F2-BEB8-5D9A92C0DF4F}.Debug|Any CPU.ActiveCfg = Debug|Any CPU
		{78CB11B7-F0F1-43F2-BEB8-5D9A92C0DF4F}.Debug|Any CPU.Build.0 = Debug|Any CPU
		{78CB11B7-F0F1-43F2-BEB8-5D9A92C0DF4F}.Release|Any CPU.ActiveCfg = Release|Any CPU
		{78CB11B7-F0F1-43F2-BEB8-5D9A92C0DF4F}.Release|Any CPU.Build.0 = Release|Any CPU
	EndGlobalSection
	GlobalSection(SolutionProperties) = preSolution
		HideSolutionNode = FALSE
	EndGlobalSection
	GlobalSection(ExtensibilityGlobals) = postSolution
		SolutionGuid = {E898072A-4322-4C94-9947-0AE6EFA1C0D1}
	EndGlobalSection
EndGlobal
